// !$*UTF8*$!
{
	archiveVersion = 1;
	classes = {
	};
	objectVersion = 48;
	objects = {

/* Begin PBXBuildFile section */
		D745014C20CF8FEE002B4001 /* bg2.png in Resources */ = {isa = PBXBuildFile; fileRef = D745014B20CF8FED002B4001 /* bg2.png */; };
		D745014F20CF94A6002B4001 /* PokeCellView.swift in Sources */ = {isa = PBXBuildFile; fileRef = D745014E20CF94A6002B4001 /* PokeCellView.swift */; };
		D745015120CFA6CA002B4001 /* csvparser.swift in Sources */ = {isa = PBXBuildFile; fileRef = D745015020CFA6CA002B4001 /* csvparser.swift */; };
		D745015420CFB73F002B4001 /* Pokemon Hollow.ttf in Resources */ = {isa = PBXBuildFile; fileRef = D745015320CFB73F002B4001 /* Pokemon Hollow.ttf */; };
		D745015620CFB750002B4001 /* Pokemon Solid.ttf in Resources */ = {isa = PBXBuildFile; fileRef = D745015520CFB750002B4001 /* Pokemon Solid.ttf */; };
		D745015920CFB9B1002B4001 /* music.mp3 in Resources */ = {isa = PBXBuildFile; fileRef = D745015720CFB9B1002B4001 /* music.mp3 */; };
		D745015A20CFB9B1002B4001 /* music.png in Resources */ = {isa = PBXBuildFile; fileRef = D745015820CFB9B1002B4001 /* music.png */; };
		D793AA5E20CE87ED00EF463B /* AppDelegate.swift in Sources */ = {isa = PBXBuildFile; fileRef = D793AA5D20CE87ED00EF463B /* AppDelegate.swift */; };
		D793AA6020CE87ED00EF463B /* ViewController.swift in Sources */ = {isa = PBXBuildFile; fileRef = D793AA5F20CE87ED00EF463B /* ViewController.swift */; };
		D793AA6320CE87ED00EF463B /* Main.storyboard in Resources */ = {isa = PBXBuildFile; fileRef = D793AA6120CE87ED00EF463B /* Main.storyboard */; };
		D793AA6520CE87ED00EF463B /* Assets.xcassets in Resources */ = {isa = PBXBuildFile; fileRef = D793AA6420CE87ED00EF463B /* Assets.xcassets */; };
		D793AA6820CE87ED00EF463B /* LaunchScreen.storyboard in Resources */ = {isa = PBXBuildFile; fileRef = D793AA6620CE87ED00EF463B /* LaunchScreen.storyboard */; };
		D793AA7020CE8E7000EF463B /* pokemon.csv in Resources */ = {isa = PBXBuildFile; fileRef = D793AA6F20CE8E7000EF463B /* pokemon.csv */; };
		D793AA7220CE91B700EF463B /* pokemon.swift in Sources */ = {isa = PBXBuildFile; fileRef = D793AA7120CE91B700EF463B /* pokemon.swift */; };
/* End PBXBuildFile section */

/* Begin PBXFileReference section */
		D745014B20CF8FED002B4001 /* bg2.png */ = {isa = PBXFileReference; lastKnownFileType = image.png; name = bg2.png; path = pokedex3/Resources/bg2.png; sourceTree = SOURCE_ROOT; };
		D745014E20CF94A6002B4001 /* PokeCellView.swift */ = {isa = PBXFileReference; lastKnownFileType = sourcecode.swift; path = PokeCellView.swift; sourceTree = "<group>"; };
		D745015020CFA6CA002B4001 /* csvparser.swift */ = {isa = PBXFileReference; lastKnownFileType = sourcecode.swift; path = csvparser.swift; sourceTree = "<group>"; };
		D745015320CFB73F002B4001 /* Pokemon Hollow.ttf */ = {isa = PBXFileReference; lastKnownFileType = file; path = "Pokemon Hollow.ttf"; sourceTree = "<group>"; };
		D745015520CFB750002B4001 /* Pokemon Solid.ttf */ = {isa = PBXFileReference; lastKnownFileType = file; path = "Pokemon Solid.ttf"; sourceTree = "<group>"; };
		D745015720CFB9B1002B4001 /* music.mp3 */ = {isa = PBXFileReference; lastKnownFileType = audio.mp3; path = music.mp3; sourceTree = "<group>"; };
		D745015820CFB9B1002B4001 /* music.png */ = {isa = PBXFileReference; lastKnownFileType = image.png; path = music.png; sourceTree = "<group>"; };
		D793AA5A20CE87ED00EF463B /* pokedex3.app */ = {isa = PBXFileReference; explicitFileType = wrapper.application; includeInIndex = 0; path = pokedex3.app; sourceTree = BUILT_PRODUCTS_DIR; };
		D793AA5D20CE87ED00EF463B /* AppDelegate.swift */ = {isa = PBXFileReference; lastKnownFileType = sourcecode.swift; path = AppDelegate.swift; sourceTree = "<group>"; };
		D793AA5F20CE87ED00EF463B /* ViewController.swift */ = {isa = PBXFileReference; lastKnownFileType = sourcecode.swift; path = ViewController.swift; sourceTree = "<group>"; };
		D793AA6220CE87ED00EF463B /* Base */ = {isa = PBXFileReference; lastKnownFileType = file.storyboard; name = Base; path = Base.lproj/Main.storyboard; sourceTree = "<group>"; };
		D793AA6420CE87ED00EF463B /* Assets.xcassets */ = {isa = PBXFileReference; lastKnownFileType = folder.assetcatalog; path = Assets.xcassets; sourceTree = "<group>"; };
		D793AA6720CE87ED00EF463B /* Base */ = {isa = PBXFileReference; lastKnownFileType = file.storyboard; name = Base; path = Base.lproj/LaunchScreen.storyboard; sourceTree = "<group>"; };
		D793AA6920CE87ED00EF463B /* Info.plist */ = {isa = PBXFileReference; lastKnownFileType = text.plist.xml; path = Info.plist; sourceTree = "<group>"; };
		D793AA6F20CE8E7000EF463B /* pokemon.csv */ = {isa = PBXFileReference; fileEncoding = 4; lastKnownFileType = text; path = pokemon.csv; sourceTree = "<group>"; };
		D793AA7120CE91B700EF463B /* pokemon.swift */ = {isa = PBXFileReference; lastKnownFileType = sourcecode.swift; path = pokemon.swift; sourceTree = "<group>"; };
/* End PBXFileReference section */

/* Begin PBXFrameworksBuildPhase section */
		D793AA5720CE87ED00EF463B /* Frameworks */ = {
			isa = PBXFrameworksBuildPhase;
			buildActionMask = 2147483647;
			files = (
			);
			runOnlyForDeploymentPostprocessing = 0;
		};
/* End PBXFrameworksBuildPhase section */

/* Begin PBXGroup section */
		D745014D20CF948B002B4001 /* View */ = {
			isa = PBXGroup;
			children = (
				D745014E20CF94A6002B4001 /* PokeCellView.swift */,
			);
			path = View;
			sourceTree = "<group>";
		};
		D745015220CFACC8002B4001 /* Resources */ = {
			isa = PBXGroup;
			children = (
				D745015720CFB9B1002B4001 /* music.mp3 */,
				D745015820CFB9B1002B4001 /* music.png */,
				D745015320CFB73F002B4001 /* Pokemon Hollow.ttf */,
				D745015520CFB750002B4001 /* Pokemon Solid.ttf */,
				D745014B20CF8FED002B4001 /* bg2.png */,
				D793AA6F20CE8E7000EF463B /* pokemon.csv */,
			);
			path = Resources;
			sourceTree = "<group>";
		};
		D793AA5120CE87ED00EF463B = {
			isa = PBXGroup;
			children = (
				D793AA5C20CE87ED00EF463B /* pokedex3 */,
				D793AA5B20CE87ED00EF463B /* Products */,
			);
			sourceTree = "<group>";
		};
		D793AA5B20CE87ED00EF463B /* Products */ = {
			isa = PBXGroup;
			children = (
				D793AA5A20CE87ED00EF463B /* pokedex3.app */,
			);
			name = Products;
			sourceTree = "<group>";
		};
		D793AA5C20CE87ED00EF463B /* pokedex3 */ = {
			isa = PBXGroup;
			children = (
				D745015220CFACC8002B4001 /* Resources */,
				D745014D20CF948B002B4001 /* View */,
				D793AA7320CE948F00EF463B /* Modal */,
				D793AA5D20CE87ED00EF463B /* AppDelegate.swift */,
				D793AA5F20CE87ED00EF463B /* ViewController.swift */,
				D793AA6120CE87ED00EF463B /* Main.storyboard */,
				D793AA6420CE87ED00EF463B /* Assets.xcassets */,
				D793AA6620CE87ED00EF463B /* LaunchScreen.storyboard */,
				D793AA6920CE87ED00EF463B /* Info.plist */,
			);
			path = pokedex3;
			sourceTree = "<group>";
		};
		D793AA7320CE948F00EF463B /* Modal */ = {
			isa = PBXGroup;
			children = (
				D793AA7120CE91B700EF463B /* pokemon.swift */,
				D745015020CFA6CA002B4001 /* csvparser.swift */,
			);
			path = Modal;
			sourceTree = "<group>";
		};
/* End PBXGroup section */

/* Begin PBXNativeTarget section */
		D793AA5920CE87ED00EF463B /* pokedex3 */ = {
			isa = PBXNativeTarget;
			buildConfigurationList = D793AA6C20CE87ED00EF463B /* Build configuration list for PBXNativeTarget "pokedex3" */;
			buildPhases = (
				D793AA5620CE87ED00EF463B /* Sources */,
				D793AA5720CE87ED00EF463B /* Frameworks */,
				D793AA5820CE87ED00EF463B /* Resources */,
			);
			buildRules = (
			);
			dependencies = (
			);
			name = pokedex3;
			productName = pokedex3;
			productReference = D793AA5A20CE87ED00EF463B /* pokedex3.app */;
			productType = "com.apple.product-type.application";
		};
/* End PBXNativeTarget section */

/* Begin PBXProject section */
		D793AA5220CE87ED00EF463B /* Project object */ = {
			isa = PBXProject;
			attributes = {
				LastSwiftUpdateCheck = 0920;
				LastUpgradeCheck = 0920;
				ORGANIZATIONNAME = "Student 3";
				TargetAttributes = {
					D793AA5920CE87ED00EF463B = {
						CreatedOnToolsVersion = 9.2;
						ProvisioningStyle = Automatic;
					};
				};
			};
			buildConfigurationList = D793AA5520CE87ED00EF463B /* Build configuration list for PBXProject "pokedex3" */;
			compatibilityVersion = "Xcode 8.0";
			developmentRegion = en;
			hasScannedForEncodings = 0;
			knownRegions = (
				en,
				Base,
			);
			mainGroup = D793AA5120CE87ED00EF463B;
			productRefGroup = D793AA5B20CE87ED00EF463B /* Products */;
			projectDirPath = "";
			projectRoot = "";
			targets = (
				D793AA5920CE87ED00EF463B /* pokedex3 */,
			);
		};
/* End PBXProject section */

/* Begin PBXResourcesBuildPhase section */
		D793AA5820CE87ED00EF463B /* Resources */ = {
			isa = PBXResourcesBuildPhase;
			buildActionMask = 2147483647;
			files = (
				D745015920CFB9B1002B4001 /* music.mp3 in Resources */,
				D793AA6820CE87ED00EF463B /* LaunchScreen.storyboard in Resources */,
				D745015A20CFB9B1002B4001 /* music.png in Resources */,
				D793AA6520CE87ED00EF463B /* Assets.xcassets in Resources */,
				D745015420CFB73F002B4001 /* Pokemon Hollow.ttf in Resources */,
				D745014C20CF8FEE002B4001 /* bg2.png in Resources */,
				D793AA7020CE8E7000EF463B /* pokemon.csv in Resources */,
				D793AA6320CE87ED00EF463B /* Main.storyboard in Resources */,
				D745015620CFB750002B4001 /* Pokemon Solid.ttf in Resources */,
			);
			runOnlyForDeploymentPostprocessing = 0;
		};
/* End PBXResourcesBuildPhase section */

/* Begin PBXSourcesBuildPhase section */
		D793AA5620CE87ED00EF463B /* Sources */ = {
			isa = PBXSourcesBuildPhase;
			buildActionMask = 2147483647;
			files = (
				D793AA7220CE91B700EF463B /* pokemon.swift in Sources */,
				D793AA6020CE87ED00EF463B /* ViewController.swift in Sources */,
				D745014F20CF94A6002B4001 /* PokeCellView.swift in Sources */,
				D745015120CFA6CA002B4001 /* csvparser.swift in Sources */,
				D793AA5E20CE87ED00EF463B /* AppDelegate.swift in Sources */,
			);
			runOnlyForDeploymentPostprocessing = 0;
		};
/* End PBXSourcesBuildPhase section */

/* Begin PBXVariantGroup section */
		D793AA6120CE87ED00EF463B /* Main.storyboard */ = {
			isa = PBXVariantGroup;
			children = (
				D793AA6220CE87ED00EF463B /* Base */,
			);
			name = Main.storyboard;
			sourceTree = "<group>";
		};
		D793AA6620CE87ED00EF463B /* LaunchScreen.storyboard */ = {
			isa = PBXVariantGroup;
			children = (
				D793AA6720CE87ED00EF463B /* Base */,
			);
			name = LaunchScreen.storyboard;
			sourceTree = "<group>";
		};
/* End PBXVariantGroup section */

/* Begin XCBuildConfiguration section */
		D793AA6A20CE87ED00EF463B /* Debug */ = {
			isa = XCBuildConfiguration;
			buildSettings = {
				ALWAYS_SEARCH_USER_PATHS = NO;
				CLANG_ANALYZER_NONNULL = YES;
				CLANG_ANALYZER_NUMBER_OBJECT_CONVERSION = YES_AGGRESSIVE;
				CLANG_CXX_LANGUAGE_STANDARD = "gnu++14";
				CLANG_CXX_LIBRARY = "libc++";
				CLANG_ENABLE_MODULES = YES;
				CLANG_ENABLE_OBJC_ARC = YES;
				CLANG_WARN_BLOCK_CAPTURE_AUTORELEASING = YES;
				CLANG_WARN_BOOL_CONVERSION = YES;
				CLANG_WARN_COMMA = YES;
				CLANG_WARN_CONSTANT_CONVERSION = YES;
				CLANG_WARN_DIRECT_OBJC_ISA_USAGE = YES_ERROR;
				CLANG_WARN_DOCUMENTATION_COMMENTS = YES;
				CLANG_WARN_EMPTY_BODY = YES;
				CLANG_WARN_ENUM_CONVERSION = YES;
				CLANG_WARN_INFINITE_RECURSION = YES;
				CLANG_WARN_INT_CONVERSION = YES;
				CLANG_WARN_NON_LITERAL_NULL_CONVERSION = YES;
				CLANG_WARN_OBJC_LITERAL_CONVERSION = YES;
				CLANG_WARN_OBJC_ROOT_CLASS = YES_ERROR;
				CLANG_WARN_RANGE_LOOP_ANALYSIS = YES;
				CLANG_WARN_STRICT_PROTOTYPES = YES;
				CLANG_WARN_SUSPICIOUS_MOVE = YES;
				CLANG_WARN_UNGUARDED_AVAILABILITY = YES_AGGRESSIVE;
				CLANG_WARN_UNREACHABLE_CODE = YES;
				CLANG_WARN__DUPLICATE_METHOD_MATCH = YES;
				CODE_SIGN_IDENTITY = "iPhone Developer";
				COPY_PHASE_STRIP = NO;
				DEBUG_INFORMATION_FORMAT = dwarf;
				ENABLE_STRICT_OBJC_MSGSEND = YES;
				ENABLE_TESTABILITY = YES;
				GCC_C_LANGUAGE_STANDARD = gnu11;
				GCC_DYNAMIC_NO_PIC = NO;
				GCC_NO_COMMON_BLOCKS = YES;
				GCC_OPTIMIZATION_LEVEL = 0;
				GCC_PREPROCESSOR_DEFINITIONS = (
					"DEBUG=1",
					"$(inherited)",
				);
				GCC_WARN_64_TO_32_BIT_CONVERSION = YES;
				GCC_WARN_ABOUT_RETURN_TYPE = YES_ERROR;
				GCC_WARN_UNDECLARED_SELECTOR = YES;
				GCC_WARN_UNINITIALIZED_AUTOS = YES_AGGRESSIVE;
				GCC_WARN_UNUSED_FUNCTION = YES;
				GCC_WARN_UNUSED_VARIABLE = YES;
				IPHONEOS_DEPLOYMENT_TARGET = 11.2;
				MTL_ENABLE_DEBUG_INFO = YES;
				ONLY_ACTIVE_ARCH = YES;
				SDKROOT = iphoneos;
				SWIFT_ACTIVE_COMPILATION_CONDITIONS = DEBUG;
				SWIFT_OPTIMIZATION_LEVEL = "-Onone";
			};
			name = Debug;
		};
		D793AA6B20CE87ED00EF463B /* Release */ = {
			isa = XCBuildConfiguration;
			buildSettings = {
				ALWAYS_SEARCH_USER_PATHS = NO;
				CLANG_ANALYZER_NONNULL = YES;
				CLANG_ANALYZER_NUMBER_OBJECT_CONVERSION = YES_AGGRESSIVE;
				CLANG_CXX_LANGUAGE_STANDARD = "gnu++14";
				CLANG_CXX_LIBRARY = "libc++";
				CLANG_ENABLE_MODULES = YES;
				CLANG_ENABLE_OBJC_ARC = YES;
				CLANG_WARN_BLOCK_CAPTURE_AUTORELEASING = YES;
				CLANG_WARN_BOOL_CONVERSION = YES;
				CLANG_WARN_COMMA = YES;
				CLANG_WARN_CONSTANT_CONVERSION = YES;
				CLANG_WARN_DIRECT_OBJC_ISA_USAGE = YES_ERROR;
				CLANG_WARN_DOCUMENTATION_COMMENTS = YES;
				CLANG_WARN_EMPTY_BODY = YES;
				CLANG_WARN_ENUM_CONVERSION = YES;
				CLANG_WARN_INFINITE_RECURSION = YES;
				CLANG_WARN_INT_CONVERSION = YES;
				CLANG_WARN_NON_LITERAL_NULL_CONVERSION = YES;
				CLANG_WARN_OBJC_LITERAL_CONVERSION = YES;
				CLANG_WARN_OBJC_ROOT_CLASS = YES_ERROR;
				CLANG_WARN_RANGE_LOOP_ANALYSIS = YES;
				CLANG_WARN_STRICT_PROTOTYPES = YES;
				CLANG_WARN_SUSPICIOUS_MOVE = YES;
				CLANG_WARN_UNGUARDED_AVAILABILITY = YES_AGGRESSIVE;
				CLANG_WARN_UNREACHABLE_CODE = YES;
				CLANG_WARN__DUPLICATE_METHOD_MATCH = YES;
				CODE_SIGN_IDENTITY = "iPhone Developer";
				COPY_PHASE_STRIP = NO;
				DEBUG_INFORMATION_FORMAT = "dwarf-with-dsym";
				ENABLE_NS_ASSERTIONS = NO;
				ENABLE_STRICT_OBJC_MSGSEND = YES;
				GCC_C_LANGUAGE_STANDARD = gnu11;
				GCC_NO_COMMON_BLOCKS = YES;
				GCC_WARN_64_TO_32_BIT_CONVERSION = YES;
				GCC_WARN_ABOUT_RETURN_TYPE = YES_ERROR;
				GCC_WARN_UNDECLARED_SELECTOR = YES;
				GCC_WARN_UNINITIALIZED_AUTOS = YES_AGGRESSIVE;
				GCC_WARN_UNUSED_FUNCTION = YES;
				GCC_WARN_UNUSED_VARIABLE = YES;
				IPHONEOS_DEPLOYMENT_TARGET = 11.2;
				MTL_ENABLE_DEBUG_INFO = NO;
				SDKROOT = iphoneos;
				SWIFT_OPTIMIZATION_LEVEL = "-Owholemodule";
				VALIDATE_PRODUCT = YES;
			};
			name = Release;
		};
		D793AA6D20CE87ED00EF463B /* Debug */ = {
			isa = XCBuildConfiguration;
			buildSettings = {
				ASSETCATALOG_COMPILER_APPICON_NAME = AppIcon;
				CODE_SIGN_STYLE = Automatic;
				DEVELOPMENT_TEAM = KJPUKCUYN4;
				INFOPLIST_FILE = pokedex3/Info.plist;
				LD_RUNPATH_SEARCH_PATHS = "$(inherited) @executable_path/Frameworks";
				PRODUCT_BUNDLE_IDENTIFIER = Diku.pokedex3;
				PRODUCT_NAME = "$(TARGET_NAME)";
				SWIFT_VERSION = 4.0;
				TARGETED_DEVICE_FAMILY = "1,2";
			};
			name = Debug;
		};
		D793AA6E20CE87ED00EF463B /* Release */ = {
			isa = XCBuildConfiguration;
			buildSettings = {
				ASSETCATALOG_COMPILER_APPICON_NAME = AppIcon;
				CODE_SIGN_STYLE = Automatic;
				DEVELOPMENT_TEAM = KJPUKCUYN4;
				INFOPLIST_FILE = pokedex3/Info.plist;
				LD_RUNPATH_SEARCH_PATHS = "$(inherited) @executable_path/Frameworks";
				PRODUCT_BUNDLE_IDENTIFIER = Diku.pokedex3;
				PRODUCT_NAME = "$(TARGET_NAME)";
				SWIFT_VERSION = 4.0;
				TARGETED_DEVICE_FAMILY = "1,2";
			};
			name = Release;
		};
/* End XCBuildConfiguration section */

/* Begin XCConfigurationList section */
		D793AA5520CE87ED00EF463B /* Build configuration list for PBXProject "pokedex3" */ = {
			isa = XCConfigurationList;
			buildConfigurations = (
				D793AA6A20CE87ED00EF463B /* Debug */,
				D793AA6B20CE87ED00EF463B /* Release */,
			);
			defaultConfigurationIsVisible = 0;
			defaultConfigurationName = Release;
		};
		D793AA6C20CE87ED00EF463B /* Build configuration list for PBXNativeTarget "pokedex3" */ = {
			isa = XCConfigurationList;
			buildConfigurations = (
				D793AA6D20CE87ED00EF463B /* Debug */,
				D793AA6E20CE87ED00EF463B /* Release */,
			);
			defaultConfigurationIsVisible = 0;
			defaultConfigurationName = Release;
		};
/* End XCConfigurationList section */
	};
	rootObject = D793AA5220CE87ED00EF463B /* Project object */;
}
